
Microsoft Visual Studio Solution File, Format Version 12.00
# Visual Studio Version 17
VisualStudioVersion = 17.5.33627.172
MinimumVisualStudioVersion = 10.0.40219.1
Project("{FAE04EC0-301F-11D3-BF4B-00C04F79EFBC}") = "Helloworld", "Helloworld.csproj", "{C8AC78B8-FB4E-4484-828D-BF5C17B7A999}"
EndProject
Global
	GlobalSection(SolutionConfigurationPlatforms) = preSolution
		Debug|Any CPU = Debug|Any CPU
		Release|Any CPU = Release|Any CPU
	EndGlobalSection
	GlobalSection(ProjectConfigurationPlatforms) = postSolution
		{C8AC78B8-FB4E-4484-828D-BF5C17B7A999}.Debug|Any CPU.ActiveCfg = Debug|Any CPU
		{C8AC78B8-FB4E-4484-828D-BF5C17B7A999}.Debug|Any CPU.Build.0 = Debug|Any CPU
		{C8AC78B8-FB4E-4484-828D-BF5C17B7A999}.Release|Any CPU.ActiveCfg = Release|Any CPU
		{C8AC78B8-FB4E-4484-828D-BF5C17B7A999}.Release|Any CPU.Build.0 = Release|Any CPU
	EndGlobalSection
	GlobalSection(SolutionProperties) = preSolution
		HideSolutionNode = FALSE
	EndGlobalSection
	GlobalSection(ExtensibilityGlobals) = postSolution
		SolutionGuid = {929C1AF8-A0F8-4847-9E1D-7CC017BB37ED}
	EndGlobalSection
EndGlobal
